{
  "version": 4,
  "terraform_version": "1.4.6",
  "serial": 9,
  "lineage": "e603f3d1-4bf6-2ed1-0d23-e6caaefa9112",
  "outputs": {
    "IPAddress": {
      "value": "192.168.56.7",
      "type": "string"
    }
  },
  "resources": [
    {
      "mode": "managed",
      "type": "virtualbox_vm",
      "name": "vm1",
      "provider": "provider[\"registry.terraform.io/shekeriev/virtualbox\"]",
      "instances": [
        {
          "schema_version": 0,
          "attributes": {
            "boot_order": null,
            "checksum": null,
            "checksum_type": null,
            "cpus": 1,
            "id": "0799ac9d-d365-41de-b8d2-5b1270f281cd",
            "image": "https://github.com/tommy-muehle/puppet-vagrant-boxes/releases/download/1.1.0/centos-7.0-x86_64.box",
            "memory": "512 mib",
            "name": "centos-7.0",
            "network_adapter": [
              {
                "device": "IntelPro1000MTDesktop",
                "host_interface": "vboxnet0",
                "ipv4_address": "192.168.56.7",
                "ipv4_address_available": "yes",
                "mac_address": "0800277D52E2",
                "status": "up",
                "type": "hostonly"
              }
            ],
            "optical_disks": null,
            "status": "running",
            "url": null,
            "user_data": ""
          },
          "sensitive_attributes": [],
          "private": "bnVsbA=="
        }
      ]
    }
  ],
  "check_results": null
}

