{
  "version": 4,
  "terraform_version": "1.4.4",
  "serial": 38,
  "lineage": "1cec9db1-f71c-6557-fccc-690f957ba910",
  "outputs": {
    "external_ip_address_node01": {
      "value": "51.250.7.116",
      "type": "string"
    },
    "external_ip_address_node02": {
      "value": "84.252.130.125",
      "type": "string"
    },
    "external_ip_address_node03": {
      "value": "130.193.48.215",
      "type": "string"
    },
    "external_ip_address_node04": {
      "value": "62.84.112.99",
      "type": "string"
    },
    "external_ip_address_node05": {
      "value": "158.160.49.81",
      "type": "string"
    },
    "external_ip_address_node06": {
      "value": "84.201.172.189",
      "type": "string"
    },
    "internal_ip_address_node01": {
      "value": "192.168.101.11",
      "type": "string"
    },
    "internal_ip_address_node02": {
      "value": "192.168.101.12",
      "type": "string"
    },
    "internal_ip_address_node03": {
      "value": "192.168.101.13",
      "type": "string"
    },
    "internal_ip_address_node04": {
      "value": "192.168.101.14",
      "type": "string"
    },
    "internal_ip_address_node05": {
      "value": "192.168.101.15",
      "type": "string"
    },
    "internal_ip_address_node06": {
      "value": "192.168.101.16",
      "type": "string"
    }
  },
  "resources": [
    {
      "mode": "managed",
      "type": "local_file",
      "name": "inventory",
      "provider": "provider[\"registry.terraform.io/hashicorp/local\"]",
      "instances": [
        {
          "schema_version": 0,
          "attributes": {
            "content": "# Ansible inventory containing variable values from Terraform.\n# Generated by Terraform.\n\n[nodes:children]\nmanagers\nworkers\n\n[managers:children]\nactive\nstandby\n\n[active]\nnode01.netology.yc ansible_host=51.250.7.116\n\n[standby]\nnode02.netology.yc ansible_host=84.252.130.125\nnode03.netology.yc ansible_host=130.193.48.215\n\n[workers]\nnode04.netology.yc ansible_host=62.84.112.99\nnode05.netology.yc ansible_host=158.160.49.81\nnode06.netology.yc ansible_host=84.201.172.189\n",
            "content_base64": null,
            "content_base64sha256": "jm68E/cE8B0n0GKzCh7CI4DIKM98yQdfIvKlQTX1ma4=",
            "content_base64sha512": "Pzw286YKAV/QfTcaYC4LSWW5tIWizYHSyWZMPA8gt6JwPf1THPqF9wkVhKl+TQTWnFeXvyuR2JpC4T5g4P/EEQ==",
            "content_md5": "d42f6a6103a5d6a5e58a3aad65bbe9ed",
            "content_sha1": "6ef3f1817c1a93ec9796199a883f4d906d1abc7a",
            "content_sha256": "8e6ebc13f704f01d27d062b30a1ec22380c828cf7cc9075f22f2a54135f599ae",
            "content_sha512": "3f3c36f3a60a015fd07d371a602e0b4965b9b485a2cd81d2c9664c3c0f20b7a2703dfd531cfa85f7091584a97e4d04d69c5797bf2b91d89a42e13e60e0ffc411",
            "directory_permission": "0777",
            "file_permission": "0777",
            "filename": "../ansible/inventory",
            "id": "6ef3f1817c1a93ec9796199a883f4d906d1abc7a",
            "sensitive_content": null,
            "source": null
          },
          "sensitive_attributes": [],
          "dependencies": [
            "yandex_compute_instance.node01",
            "yandex_compute_instance.node02",
            "yandex_compute_instance.node03",
            "yandex_compute_instance.node04",
            "yandex_compute_instance.node05",
            "yandex_compute_instance.node06",
            "yandex_vpc_network.default",
            "yandex_vpc_subnet.default"
          ]
        }
      ]
    },
    {
      "mode": "managed",
      "type": "null_resource",
      "name": "cluster",
      "provider": "provider[\"registry.terraform.io/hashicorp/null\"]",
      "instances": [
        {
          "schema_version": 0,
          "attributes": {
            "id": "3695497517793434738",
            "triggers": null
          },
          "sensitive_attributes": [],
          "dependencies": [
            "local_file.inventory",
            "null_resource.wait",
            "yandex_compute_instance.node01",
            "yandex_compute_instance.node02",
            "yandex_compute_instance.node03",
            "yandex_compute_instance.node04",
            "yandex_compute_instance.node05",
            "yandex_compute_instance.node06",
            "yandex_vpc_network.default",
            "yandex_vpc_subnet.default"
          ]
        }
      ]
    },
    {
      "mode": "managed",
      "type": "null_resource",
      "name": "monitoring",
      "provider": "provider[\"registry.terraform.io/hashicorp/null\"]",
      "instances": [
        {
          "schema_version": 0,
          "attributes": {
            "id": "1467066295289755695",
            "triggers": null
          },
          "sensitive_attributes": [],
          "dependencies": [
            "local_file.inventory",
            "null_resource.cluster",
            "null_resource.sync",
            "null_resource.wait",
            "yandex_compute_instance.node01",
            "yandex_compute_instance.node02",
            "yandex_compute_instance.node03",
            "yandex_compute_instance.node04",
            "yandex_compute_instance.node05",
            "yandex_compute_instance.node06",
            "yandex_vpc_network.default",
            "yandex_vpc_subnet.default"
          ]
        }
      ]
    },
    {
      "mode": "managed",
      "type": "null_resource",
      "name": "sync",
      "provider": "provider[\"registry.terraform.io/hashicorp/null\"]",
      "instances": [
        {
          "schema_version": 0,
          "attributes": {
            "id": "8310848533092733574",
            "triggers": null
          },
          "sensitive_attributes": [],
          "dependencies": [
            "local_file.inventory",
            "null_resource.cluster",
            "null_resource.wait",
            "yandex_compute_instance.node01",
            "yandex_compute_instance.node02",
            "yandex_compute_instance.node03",
            "yandex_compute_instance.node04",
            "yandex_compute_instance.node05",
            "yandex_compute_instance.node06",
            "yandex_vpc_network.default",
            "yandex_vpc_subnet.default"
          ]
        }
      ]
    },
    {
      "mode": "managed",
      "type": "null_resource",
      "name": "wait",
      "provider": "provider[\"registry.terraform.io/hashicorp/null\"]",
      "instances": [
        {
          "schema_version": 0,
          "attributes": {
            "id": "1457886001257501692",
            "triggers": null
          },
          "sensitive_attributes": [],
          "dependencies": [
            "local_file.inventory",
            "yandex_compute_instance.node01",
            "yandex_compute_instance.node02",
            "yandex_compute_instance.node03",
            "yandex_compute_instance.node04",
            "yandex_compute_instance.node05",
            "yandex_compute_instance.node06",
            "yandex_vpc_network.default",
            "yandex_vpc_subnet.default"
          ]
        }
      ]
    },
    {
      "mode": "managed",
      "type": "yandex_compute_instance",
      "name": "node01",
      "provider": "provider[\"registry.terraform.io/yandex-cloud/yandex\"]",
      "instances": [
        {
          "schema_version": 1,
          "attributes": {
            "allow_recreate": null,
            "allow_stopping_for_update": true,
            "boot_disk": [
              {
                "auto_delete": true,
                "device_name": "fhmrvs4k6v2lk92m9hf7",
                "disk_id": "fhmrvs4k6v2lk92m9hf7",
                "initialize_params": [
                  {
                    "block_size": 4096,
                    "description": "",
                    "image_id": "fd87sa9f9bot0iduo6a7",
                    "name": "root-node01",
                    "size": 10,
                    "snapshot_id": "",
                    "type": "network-ssd"
                  }
                ],
                "mode": "READ_WRITE"
              }
            ],
            "created_at": "2023-04-12T17:40:18Z",
            "description": "",
            "filesystem": [],
            "folder_id": "b1gmie6p07gs449h84gj",
            "fqdn": "node01.netology.yc",
            "gpu_cluster_id": "",
            "hostname": "node01.netology.yc",
            "id": "fhmpfdg28etc1vpl188o",
            "labels": null,
            "local_disk": [],
            "metadata": {
              "ssh-keys": "centos:ssh-rsa AAAAB3NzaC1yc2EAAAADAQABAAACAQDYZ7Pei40R2B+V4IGQT9r2LtIgSe4HZ+mIe2ptFfV/NKkiiu+OmtxJNj1AktCn1PuqYA9ot4i78lJ2MHNVLHs+oQFWcnBNYPJRha77pWIQCGTevjSYsvI1FOq+lFWK9LU9aa/UGzI+hi5D16hYFknMdkC5Je64es0Fgs2D5dV+Kxf6DGc9YI8tIlEyKv7Hm7cafz98VfalcpAFHf983C2lwTa7RqFa46heOyu58Zyj2mchwSgz2P9VpD6l+N0fgbTrzN3b8vWcpE3yNVSoRGRbYnWxPkAnM8jMEduKliaHy5uSm5zqwM6yfA4/VR5A2kb8uW0TJSfEztjxT7e3ScQ8I2+np5o7EXbsG/M5+GdXB3C3YvoUqYiKuM7nCKVe1aD0qcyWm8igAAdVouyE5dWsk19PfOkkQKedsrwWjftAuuUBpRC3TkyOXQbBiejDbqmN+BmRHvH0GIMtFhd6dTwXGEzL4Mg1LwDsGUjb8S8mii4CMm7vcU4S5g/N3gj6ipJMDj8mXBFq1qilpzNeKV1vDyTz6K5B/KTr6zJnKnBN76yDCNAJ+zzLW1Twdr1mSBSm3RVwb1ED8MbgXnHW9Q+bnNc6RfALnraMQgyFUguwE2JJDEv1cpkUz7UhmS+VNjOCTKEBgef5br+cszEcdn5KLCyAiJrlfJuQzDNbRkmLYQ== bortikovsv@MacBook-Air-BortikovSV.local\n"
            },
            "metadata_options": [
              {
                "aws_v1_http_endpoint": 1,
                "aws_v1_http_token": 2,
                "gce_http_endpoint": 1,
                "gce_http_token": 1
              }
            ],
            "name": "node01",
            "network_acceleration_type": "standard",
            "network_interface": [
              {
                "dns_record": [],
                "index": 0,
                "ip_address": "192.168.101.11",
                "ipv4": true,
                "ipv6": false,
                "ipv6_address": "",
                "ipv6_dns_record": [],
                "mac_address": "d0:0d:19:7b:60:24",
                "nat": true,
                "nat_dns_record": [],
                "nat_ip_address": "51.250.7.116",
                "nat_ip_version": "IPV4",
                "security_group_ids": [],
                "subnet_id": "e9bosouo8uj87ubb5s96"
              }
            ],
            "placement_policy": [
              {
                "host_affinity_rules": [],
                "placement_group_id": ""
              }
            ],
            "platform_id": "standard-v1",
            "resources": [
              {
                "core_fraction": 100,
                "cores": 4,
                "gpus": 0,
                "memory": 8
              }
            ],
            "scheduling_policy": [
              {
                "preemptible": false
              }
            ],
            "secondary_disk": [],
            "service_account_id": "",
            "status": "running",
            "timeouts": null,
            "zone": "ru-central1-a"
          },
          "sensitive_attributes": [],
          "private": "eyJlMmJmYjczMC1lY2FhLTExZTYtOGY4OC0zNDM2M2JjN2M0YzAiOnsiY3JlYXRlIjozMDAwMDAwMDAwMDAsImRlbGV0ZSI6MzAwMDAwMDAwMDAwLCJ1cGRhdGUiOjMwMDAwMDAwMDAwMH0sInNjaGVtYV92ZXJzaW9uIjoiMSJ9",
          "dependencies": [
            "yandex_vpc_network.default",
            "yandex_vpc_subnet.default"
          ]
        }
      ]
    },
    {
      "mode": "managed",
      "type": "yandex_compute_instance",
      "name": "node02",
      "provider": "provider[\"registry.terraform.io/yandex-cloud/yandex\"]",
      "instances": [
        {
          "schema_version": 1,
          "attributes": {
            "allow_recreate": null,
            "allow_stopping_for_update": true,
            "boot_disk": [
              {
                "auto_delete": true,
                "device_name": "fhm265f313mogl1unfb1",
                "disk_id": "fhm265f313mogl1unfb1",
                "initialize_params": [
                  {
                    "block_size": 4096,
                    "description": "",
                    "image_id": "fd87sa9f9bot0iduo6a7",
                    "name": "root-node02",
                    "size": 10,
                    "snapshot_id": "",
                    "type": "network-ssd"
                  }
                ],
                "mode": "READ_WRITE"
              }
            ],
            "created_at": "2023-04-12T17:40:18Z",
            "description": "",
            "filesystem": [],
            "folder_id": "b1gmie6p07gs449h84gj",
            "fqdn": "node02.netology.yc",
            "gpu_cluster_id": "",
            "hostname": "node02.netology.yc",
            "id": "fhmmi7vdjn48ngh7t16m",
            "labels": null,
            "local_disk": [],
            "metadata": {
              "ssh-keys": "centos:ssh-rsa AAAAB3NzaC1yc2EAAAADAQABAAACAQDYZ7Pei40R2B+V4IGQT9r2LtIgSe4HZ+mIe2ptFfV/NKkiiu+OmtxJNj1AktCn1PuqYA9ot4i78lJ2MHNVLHs+oQFWcnBNYPJRha77pWIQCGTevjSYsvI1FOq+lFWK9LU9aa/UGzI+hi5D16hYFknMdkC5Je64es0Fgs2D5dV+Kxf6DGc9YI8tIlEyKv7Hm7cafz98VfalcpAFHf983C2lwTa7RqFa46heOyu58Zyj2mchwSgz2P9VpD6l+N0fgbTrzN3b8vWcpE3yNVSoRGRbYnWxPkAnM8jMEduKliaHy5uSm5zqwM6yfA4/VR5A2kb8uW0TJSfEztjxT7e3ScQ8I2+np5o7EXbsG/M5+GdXB3C3YvoUqYiKuM7nCKVe1aD0qcyWm8igAAdVouyE5dWsk19PfOkkQKedsrwWjftAuuUBpRC3TkyOXQbBiejDbqmN+BmRHvH0GIMtFhd6dTwXGEzL4Mg1LwDsGUjb8S8mii4CMm7vcU4S5g/N3gj6ipJMDj8mXBFq1qilpzNeKV1vDyTz6K5B/KTr6zJnKnBN76yDCNAJ+zzLW1Twdr1mSBSm3RVwb1ED8MbgXnHW9Q+bnNc6RfALnraMQgyFUguwE2JJDEv1cpkUz7UhmS+VNjOCTKEBgef5br+cszEcdn5KLCyAiJrlfJuQzDNbRkmLYQ== bortikovsv@MacBook-Air-BortikovSV.local\n"
            },
            "metadata_options": [
              {
                "aws_v1_http_endpoint": 1,
                "aws_v1_http_token": 2,
                "gce_http_endpoint": 1,
                "gce_http_token": 1
              }
            ],
            "name": "node02",
            "network_acceleration_type": "standard",
            "network_interface": [
              {
                "dns_record": [],
                "index": 0,
                "ip_address": "192.168.101.12",
                "ipv4": true,
                "ipv6": false,
                "ipv6_address": "",
                "ipv6_dns_record": [],
                "mac_address": "d0:0d:16:91:fe:d9",
                "nat": true,
                "nat_dns_record": [],
                "nat_ip_address": "84.252.130.125",
                "nat_ip_version": "IPV4",
                "security_group_ids": [],
                "subnet_id": "e9bosouo8uj87ubb5s96"
              }
            ],
            "placement_policy": [
              {
                "host_affinity_rules": [],
                "placement_group_id": ""
              }
            ],
            "platform_id": "standard-v1",
            "resources": [
              {
                "core_fraction": 100,
                "cores": 4,
                "gpus": 0,
                "memory": 8
              }
            ],
            "scheduling_policy": [
              {
                "preemptible": false
              }
            ],
            "secondary_disk": [],
            "service_account_id": "",
            "status": "running",
            "timeouts": null,
            "zone": "ru-central1-a"
          },
          "sensitive_attributes": [],
          "private": "eyJlMmJmYjczMC1lY2FhLTExZTYtOGY4OC0zNDM2M2JjN2M0YzAiOnsiY3JlYXRlIjozMDAwMDAwMDAwMDAsImRlbGV0ZSI6MzAwMDAwMDAwMDAwLCJ1cGRhdGUiOjMwMDAwMDAwMDAwMH0sInNjaGVtYV92ZXJzaW9uIjoiMSJ9",
          "dependencies": [
            "yandex_vpc_network.default",
            "yandex_vpc_subnet.default"
          ]
        }
      ]
    },
    {
      "mode": "managed",
      "type": "yandex_compute_instance",
      "name": "node03",
      "provider": "provider[\"registry.terraform.io/yandex-cloud/yandex\"]",
      "instances": [
        {
          "schema_version": 1,
          "attributes": {
            "allow_recreate": null,
            "allow_stopping_for_update": true,
            "boot_disk": [
              {
                "auto_delete": true,
                "device_name": "fhmumdm94e8vf10v6n4p",
                "disk_id": "fhmumdm94e8vf10v6n4p",
                "initialize_params": [
                  {
                    "block_size": 4096,
                    "description": "",
                    "image_id": "fd87sa9f9bot0iduo6a7",
                    "name": "root-node03",
                    "size": 10,
                    "snapshot_id": "",
                    "type": "network-ssd"
                  }
                ],
                "mode": "READ_WRITE"
              }
            ],
            "created_at": "2023-04-12T17:40:18Z",
            "description": "",
            "filesystem": [],
            "folder_id": "b1gmie6p07gs449h84gj",
            "fqdn": "node03.netology.yc",
            "gpu_cluster_id": "",
            "hostname": "node03.netology.yc",
            "id": "fhm2ur3d0msa7qpr26uo",
            "labels": null,
            "local_disk": [],
            "metadata": {
              "ssh-keys": "centos:ssh-rsa AAAAB3NzaC1yc2EAAAADAQABAAACAQDYZ7Pei40R2B+V4IGQT9r2LtIgSe4HZ+mIe2ptFfV/NKkiiu+OmtxJNj1AktCn1PuqYA9ot4i78lJ2MHNVLHs+oQFWcnBNYPJRha77pWIQCGTevjSYsvI1FOq+lFWK9LU9aa/UGzI+hi5D16hYFknMdkC5Je64es0Fgs2D5dV+Kxf6DGc9YI8tIlEyKv7Hm7cafz98VfalcpAFHf983C2lwTa7RqFa46heOyu58Zyj2mchwSgz2P9VpD6l+N0fgbTrzN3b8vWcpE3yNVSoRGRbYnWxPkAnM8jMEduKliaHy5uSm5zqwM6yfA4/VR5A2kb8uW0TJSfEztjxT7e3ScQ8I2+np5o7EXbsG/M5+GdXB3C3YvoUqYiKuM7nCKVe1aD0qcyWm8igAAdVouyE5dWsk19PfOkkQKedsrwWjftAuuUBpRC3TkyOXQbBiejDbqmN+BmRHvH0GIMtFhd6dTwXGEzL4Mg1LwDsGUjb8S8mii4CMm7vcU4S5g/N3gj6ipJMDj8mXBFq1qilpzNeKV1vDyTz6K5B/KTr6zJnKnBN76yDCNAJ+zzLW1Twdr1mSBSm3RVwb1ED8MbgXnHW9Q+bnNc6RfALnraMQgyFUguwE2JJDEv1cpkUz7UhmS+VNjOCTKEBgef5br+cszEcdn5KLCyAiJrlfJuQzDNbRkmLYQ== bortikovsv@MacBook-Air-BortikovSV.local\n"
            },
            "metadata_options": [
              {
                "aws_v1_http_endpoint": 1,
                "aws_v1_http_token": 2,
                "gce_http_endpoint": 1,
                "gce_http_token": 1
              }
            ],
            "name": "node03",
            "network_acceleration_type": "standard",
            "network_interface": [
              {
                "dns_record": [],
                "index": 0,
                "ip_address": "192.168.101.13",
                "ipv4": true,
                "ipv6": false,
                "ipv6_address": "",
                "ipv6_dns_record": [],
                "mac_address": "d0:0d:2f:6c:6d:05",
                "nat": true,
                "nat_dns_record": [],
                "nat_ip_address": "130.193.48.215",
                "nat_ip_version": "IPV4",
                "security_group_ids": [],
                "subnet_id": "e9bosouo8uj87ubb5s96"
              }
            ],
            "placement_policy": [
              {
                "host_affinity_rules": [],
                "placement_group_id": ""
              }
            ],
            "platform_id": "standard-v1",
            "resources": [
              {
                "core_fraction": 100,
                "cores": 4,
                "gpus": 0,
                "memory": 8
              }
            ],
            "scheduling_policy": [
              {
                "preemptible": false
              }
            ],
            "secondary_disk": [],
            "service_account_id": "",
            "status": "running",
            "timeouts": null,
            "zone": "ru-central1-a"
          },
          "sensitive_attributes": [],
          "private": "eyJlMmJmYjczMC1lY2FhLTExZTYtOGY4OC0zNDM2M2JjN2M0YzAiOnsiY3JlYXRlIjozMDAwMDAwMDAwMDAsImRlbGV0ZSI6MzAwMDAwMDAwMDAwLCJ1cGRhdGUiOjMwMDAwMDAwMDAwMH0sInNjaGVtYV92ZXJzaW9uIjoiMSJ9",
          "dependencies": [
            "yandex_vpc_network.default",
            "yandex_vpc_subnet.default"
          ]
        }
      ]
    },
    {
      "mode": "managed",
      "type": "yandex_compute_instance",
      "name": "node04",
      "provider": "provider[\"registry.terraform.io/yandex-cloud/yandex\"]",
      "instances": [
        {
          "schema_version": 1,
          "attributes": {
            "allow_recreate": null,
            "allow_stopping_for_update": true,
            "boot_disk": [
              {
                "auto_delete": true,
                "device_name": "fhmon6sf58vsi41oah1m",
                "disk_id": "fhmon6sf58vsi41oah1m",
                "initialize_params": [
                  {
                    "block_size": 4096,
                    "description": "",
                    "image_id": "fd87sa9f9bot0iduo6a7",
                    "name": "root-node04",
                    "size": 40,
                    "snapshot_id": "",
                    "type": "network-ssd"
                  }
                ],
                "mode": "READ_WRITE"
              }
            ],
            "created_at": "2023-04-12T17:40:18Z",
            "description": "",
            "filesystem": [],
            "folder_id": "b1gmie6p07gs449h84gj",
            "fqdn": "node04.netology.yc",
            "gpu_cluster_id": "",
            "hostname": "node04.netology.yc",
            "id": "fhmh8vra7r5imps59p0e",
            "labels": null,
            "local_disk": [],
            "metadata": {
              "ssh-keys": "centos:ssh-rsa AAAAB3NzaC1yc2EAAAADAQABAAACAQDYZ7Pei40R2B+V4IGQT9r2LtIgSe4HZ+mIe2ptFfV/NKkiiu+OmtxJNj1AktCn1PuqYA9ot4i78lJ2MHNVLHs+oQFWcnBNYPJRha77pWIQCGTevjSYsvI1FOq+lFWK9LU9aa/UGzI+hi5D16hYFknMdkC5Je64es0Fgs2D5dV+Kxf6DGc9YI8tIlEyKv7Hm7cafz98VfalcpAFHf983C2lwTa7RqFa46heOyu58Zyj2mchwSgz2P9VpD6l+N0fgbTrzN3b8vWcpE3yNVSoRGRbYnWxPkAnM8jMEduKliaHy5uSm5zqwM6yfA4/VR5A2kb8uW0TJSfEztjxT7e3ScQ8I2+np5o7EXbsG/M5+GdXB3C3YvoUqYiKuM7nCKVe1aD0qcyWm8igAAdVouyE5dWsk19PfOkkQKedsrwWjftAuuUBpRC3TkyOXQbBiejDbqmN+BmRHvH0GIMtFhd6dTwXGEzL4Mg1LwDsGUjb8S8mii4CMm7vcU4S5g/N3gj6ipJMDj8mXBFq1qilpzNeKV1vDyTz6K5B/KTr6zJnKnBN76yDCNAJ+zzLW1Twdr1mSBSm3RVwb1ED8MbgXnHW9Q+bnNc6RfALnraMQgyFUguwE2JJDEv1cpkUz7UhmS+VNjOCTKEBgef5br+cszEcdn5KLCyAiJrlfJuQzDNbRkmLYQ== bortikovsv@MacBook-Air-BortikovSV.local\n"
            },
            "metadata_options": [
              {
                "aws_v1_http_endpoint": 1,
                "aws_v1_http_token": 2,
                "gce_http_endpoint": 1,
                "gce_http_token": 1
              }
            ],
            "name": "node04",
            "network_acceleration_type": "standard",
            "network_interface": [
              {
                "dns_record": [],
                "index": 0,
                "ip_address": "192.168.101.14",
                "ipv4": true,
                "ipv6": false,
                "ipv6_address": "",
                "ipv6_dns_record": [],
                "mac_address": "d0:0d:11:47:f6:a3",
                "nat": true,
                "nat_dns_record": [],
                "nat_ip_address": "62.84.112.99",
                "nat_ip_version": "IPV4",
                "security_group_ids": [],
                "subnet_id": "e9bosouo8uj87ubb5s96"
              }
            ],
            "placement_policy": [
              {
                "host_affinity_rules": [],
                "placement_group_id": ""
              }
            ],
            "platform_id": "standard-v1",
            "resources": [
              {
                "core_fraction": 100,
                "cores": 4,
                "gpus": 0,
                "memory": 8
              }
            ],
            "scheduling_policy": [
              {
                "preemptible": false
              }
            ],
            "secondary_disk": [],
            "service_account_id": "",
            "status": "running",
            "timeouts": null,
            "zone": "ru-central1-a"
          },
          "sensitive_attributes": [],
          "private": "eyJlMmJmYjczMC1lY2FhLTExZTYtOGY4OC0zNDM2M2JjN2M0YzAiOnsiY3JlYXRlIjozMDAwMDAwMDAwMDAsImRlbGV0ZSI6MzAwMDAwMDAwMDAwLCJ1cGRhdGUiOjMwMDAwMDAwMDAwMH0sInNjaGVtYV92ZXJzaW9uIjoiMSJ9",
          "dependencies": [
            "yandex_vpc_network.default",
            "yandex_vpc_subnet.default"
          ]
        }
      ]
    },
    {
      "mode": "managed",
      "type": "yandex_compute_instance",
      "name": "node05",
      "provider": "provider[\"registry.terraform.io/yandex-cloud/yandex\"]",
      "instances": [
        {
          "schema_version": 1,
          "attributes": {
            "allow_recreate": null,
            "allow_stopping_for_update": true,
            "boot_disk": [
              {
                "auto_delete": true,
                "device_name": "fhmr4eak1fvjdv9nejgf",
                "disk_id": "fhmr4eak1fvjdv9nejgf",
                "initialize_params": [
                  {
                    "block_size": 4096,
                    "description": "",
                    "image_id": "fd87sa9f9bot0iduo6a7",
                    "name": "root-node05",
                    "size": 40,
                    "snapshot_id": "",
                    "type": "network-ssd"
                  }
                ],
                "mode": "READ_WRITE"
              }
            ],
            "created_at": "2023-04-12T17:40:18Z",
            "description": "",
            "filesystem": [],
            "folder_id": "b1gmie6p07gs449h84gj",
            "fqdn": "node05.netology.yc",
            "gpu_cluster_id": "",
            "hostname": "node05.netology.yc",
            "id": "fhm3ht9cqbe6o4avntb7",
            "labels": null,
            "local_disk": [],
            "metadata": {
              "ssh-keys": "centos:ssh-rsa AAAAB3NzaC1yc2EAAAADAQABAAACAQDYZ7Pei40R2B+V4IGQT9r2LtIgSe4HZ+mIe2ptFfV/NKkiiu+OmtxJNj1AktCn1PuqYA9ot4i78lJ2MHNVLHs+oQFWcnBNYPJRha77pWIQCGTevjSYsvI1FOq+lFWK9LU9aa/UGzI+hi5D16hYFknMdkC5Je64es0Fgs2D5dV+Kxf6DGc9YI8tIlEyKv7Hm7cafz98VfalcpAFHf983C2lwTa7RqFa46heOyu58Zyj2mchwSgz2P9VpD6l+N0fgbTrzN3b8vWcpE3yNVSoRGRbYnWxPkAnM8jMEduKliaHy5uSm5zqwM6yfA4/VR5A2kb8uW0TJSfEztjxT7e3ScQ8I2+np5o7EXbsG/M5+GdXB3C3YvoUqYiKuM7nCKVe1aD0qcyWm8igAAdVouyE5dWsk19PfOkkQKedsrwWjftAuuUBpRC3TkyOXQbBiejDbqmN+BmRHvH0GIMtFhd6dTwXGEzL4Mg1LwDsGUjb8S8mii4CMm7vcU4S5g/N3gj6ipJMDj8mXBFq1qilpzNeKV1vDyTz6K5B/KTr6zJnKnBN76yDCNAJ+zzLW1Twdr1mSBSm3RVwb1ED8MbgXnHW9Q+bnNc6RfALnraMQgyFUguwE2JJDEv1cpkUz7UhmS+VNjOCTKEBgef5br+cszEcdn5KLCyAiJrlfJuQzDNbRkmLYQ== bortikovsv@MacBook-Air-BortikovSV.local\n"
            },
            "metadata_options": [
              {
                "aws_v1_http_endpoint": 1,
                "aws_v1_http_token": 2,
                "gce_http_endpoint": 1,
                "gce_http_token": 1
              }
            ],
            "name": "node05",
            "network_acceleration_type": "standard",
            "network_interface": [
              {
                "dns_record": [],
                "index": 0,
                "ip_address": "192.168.101.15",
                "ipv4": true,
                "ipv6": false,
                "ipv6_address": "",
                "ipv6_dns_record": [],
                "mac_address": "d0:0d:38:f5:2c:d2",
                "nat": true,
                "nat_dns_record": [],
                "nat_ip_address": "158.160.49.81",
                "nat_ip_version": "IPV4",
                "security_group_ids": [],
                "subnet_id": "e9bosouo8uj87ubb5s96"
              }
            ],
            "placement_policy": [
              {
                "host_affinity_rules": [],
                "placement_group_id": ""
              }
            ],
            "platform_id": "standard-v1",
            "resources": [
              {
                "core_fraction": 100,
                "cores": 4,
                "gpus": 0,
                "memory": 8
              }
            ],
            "scheduling_policy": [
              {
                "preemptible": false
              }
            ],
            "secondary_disk": [],
            "service_account_id": "",
            "status": "running",
            "timeouts": null,
            "zone": "ru-central1-a"
          },
          "sensitive_attributes": [],
          "private": "eyJlMmJmYjczMC1lY2FhLTExZTYtOGY4OC0zNDM2M2JjN2M0YzAiOnsiY3JlYXRlIjozMDAwMDAwMDAwMDAsImRlbGV0ZSI6MzAwMDAwMDAwMDAwLCJ1cGRhdGUiOjMwMDAwMDAwMDAwMH0sInNjaGVtYV92ZXJzaW9uIjoiMSJ9",
          "dependencies": [
            "yandex_vpc_network.default",
            "yandex_vpc_subnet.default"
          ]
        }
      ]
    },
    {
      "mode": "managed",
      "type": "yandex_compute_instance",
      "name": "node06",
      "provider": "provider[\"registry.terraform.io/yandex-cloud/yandex\"]",
      "instances": [
        {
          "schema_version": 1,
          "attributes": {
            "allow_recreate": null,
            "allow_stopping_for_update": true,
            "boot_disk": [
              {
                "auto_delete": true,
                "device_name": "fhmlramgg8nu9uajafps",
                "disk_id": "fhmlramgg8nu9uajafps",
                "initialize_params": [
                  {
                    "block_size": 4096,
                    "description": "",
                    "image_id": "fd87sa9f9bot0iduo6a7",
                    "name": "root-node06",
                    "size": 40,
                    "snapshot_id": "",
                    "type": "network-ssd"
                  }
                ],
                "mode": "READ_WRITE"
              }
            ],
            "created_at": "2023-04-12T17:40:18Z",
            "description": "",
            "filesystem": [],
            "folder_id": "b1gmie6p07gs449h84gj",
            "fqdn": "node06.netology.yc",
            "gpu_cluster_id": "",
            "hostname": "node06.netology.yc",
            "id": "fhm6t8cbvrqciovfr0f1",
            "labels": null,
            "local_disk": [],
            "metadata": {
              "ssh-keys": "centos:ssh-rsa AAAAB3NzaC1yc2EAAAADAQABAAACAQDYZ7Pei40R2B+V4IGQT9r2LtIgSe4HZ+mIe2ptFfV/NKkiiu+OmtxJNj1AktCn1PuqYA9ot4i78lJ2MHNVLHs+oQFWcnBNYPJRha77pWIQCGTevjSYsvI1FOq+lFWK9LU9aa/UGzI+hi5D16hYFknMdkC5Je64es0Fgs2D5dV+Kxf6DGc9YI8tIlEyKv7Hm7cafz98VfalcpAFHf983C2lwTa7RqFa46heOyu58Zyj2mchwSgz2P9VpD6l+N0fgbTrzN3b8vWcpE3yNVSoRGRbYnWxPkAnM8jMEduKliaHy5uSm5zqwM6yfA4/VR5A2kb8uW0TJSfEztjxT7e3ScQ8I2+np5o7EXbsG/M5+GdXB3C3YvoUqYiKuM7nCKVe1aD0qcyWm8igAAdVouyE5dWsk19PfOkkQKedsrwWjftAuuUBpRC3TkyOXQbBiejDbqmN+BmRHvH0GIMtFhd6dTwXGEzL4Mg1LwDsGUjb8S8mii4CMm7vcU4S5g/N3gj6ipJMDj8mXBFq1qilpzNeKV1vDyTz6K5B/KTr6zJnKnBN76yDCNAJ+zzLW1Twdr1mSBSm3RVwb1ED8MbgXnHW9Q+bnNc6RfALnraMQgyFUguwE2JJDEv1cpkUz7UhmS+VNjOCTKEBgef5br+cszEcdn5KLCyAiJrlfJuQzDNbRkmLYQ== bortikovsv@MacBook-Air-BortikovSV.local\n"
            },
            "metadata_options": [
              {
                "aws_v1_http_endpoint": 1,
                "aws_v1_http_token": 2,
                "gce_http_endpoint": 1,
                "gce_http_token": 1
              }
            ],
            "name": "node06",
            "network_acceleration_type": "standard",
            "network_interface": [
              {
                "dns_record": [],
                "index": 0,
                "ip_address": "192.168.101.16",
                "ipv4": true,
                "ipv6": false,
                "ipv6_address": "",
                "ipv6_dns_record": [],
                "mac_address": "d0:0d:6e:a1:8b:fe",
                "nat": true,
                "nat_dns_record": [],
                "nat_ip_address": "84.201.172.189",
                "nat_ip_version": "IPV4",
                "security_group_ids": [],
                "subnet_id": "e9bosouo8uj87ubb5s96"
              }
            ],
            "placement_policy": [
              {
                "host_affinity_rules": [],
                "placement_group_id": ""
              }
            ],
            "platform_id": "standard-v1",
            "resources": [
              {
                "core_fraction": 100,
                "cores": 4,
                "gpus": 0,
                "memory": 8
              }
            ],
            "scheduling_policy": [
              {
                "preemptible": false
              }
            ],
            "secondary_disk": [],
            "service_account_id": "",
            "status": "running",
            "timeouts": null,
            "zone": "ru-central1-a"
          },
          "sensitive_attributes": [],
          "private": "eyJlMmJmYjczMC1lY2FhLTExZTYtOGY4OC0zNDM2M2JjN2M0YzAiOnsiY3JlYXRlIjozMDAwMDAwMDAwMDAsImRlbGV0ZSI6MzAwMDAwMDAwMDAwLCJ1cGRhdGUiOjMwMDAwMDAwMDAwMH0sInNjaGVtYV92ZXJzaW9uIjoiMSJ9",
          "dependencies": [
            "yandex_vpc_network.default",
            "yandex_vpc_subnet.default"
          ]
        }
      ]
    },
    {
      "mode": "managed",
      "type": "yandex_vpc_network",
      "name": "default",
      "provider": "provider[\"registry.terraform.io/yandex-cloud/yandex\"]",
      "instances": [
        {
          "schema_version": 0,
          "attributes": {
            "created_at": "2023-04-12T17:40:16Z",
            "default_security_group_id": "",
            "description": "",
            "folder_id": "b1gmie6p07gs449h84gj",
            "id": "enp4905v760mtmvfnbmd",
            "labels": {},
            "name": "net",
            "subnet_ids": [],
            "timeouts": null
          },
          "sensitive_attributes": [],
          "private": "eyJlMmJmYjczMC1lY2FhLTExZTYtOGY4OC0zNDM2M2JjN2M0YzAiOnsiY3JlYXRlIjo2MDAwMDAwMDAwMCwiZGVsZXRlIjo2MDAwMDAwMDAwMCwidXBkYXRlIjo2MDAwMDAwMDAwMH19"
        }
      ]
    },
    {
      "mode": "managed",
      "type": "yandex_vpc_subnet",
      "name": "default",
      "provider": "provider[\"registry.terraform.io/yandex-cloud/yandex\"]",
      "instances": [
        {
          "schema_version": 0,
          "attributes": {
            "created_at": "2023-04-12T17:40:16Z",
            "description": "",
            "dhcp_options": [],
            "folder_id": "b1gmie6p07gs449h84gj",
            "id": "e9bosouo8uj87ubb5s96",
            "labels": {},
            "name": "subnet",
            "network_id": "enp4905v760mtmvfnbmd",
            "route_table_id": "",
            "timeouts": null,
            "v4_cidr_blocks": [
              "192.168.101.0/24"
            ],
            "v6_cidr_blocks": [],
            "zone": "ru-central1-a"
          },
          "sensitive_attributes": [],
          "private": "eyJlMmJmYjczMC1lY2FhLTExZTYtOGY4OC0zNDM2M2JjN2M0YzAiOnsiY3JlYXRlIjoxODAwMDAwMDAwMDAsImRlbGV0ZSI6MTgwMDAwMDAwMDAwLCJ1cGRhdGUiOjE4MDAwMDAwMDAwMH19",
          "dependencies": [
            "yandex_vpc_network.default"
          ]
        }
      ]
    }
  ],
  "check_results": null
}
